
Microsoft Visual Studio Solution File, Format Version 12.00
# Visual Studio Version 17
VisualStudioVersion = 17.8.34525.116
MinimumVisualStudioVersion = 10.0.40219.1
Project("{FAE04EC0-301F-11D3-BF4B-00C04F79EFBC}") = "MauiAppListaCompras", "MauiAppListaCompras\MauiAppListaCompras.csproj", "{5AE140E5-8A10-468A-9682-D7D70DF75FBE}"
EndProject
Global
	GlobalSection(SolutionConfigurationPlatforms) = preSolution
		Debug|Any CPU = Debug|Any CPU
		Release|Any CPU = Release|Any CPU
	EndGlobalSection
	GlobalSection(ProjectConfigurationPlatforms) = postSolution
		{5AE140E5-8A10-468A-9682-D7D70DF75FBE}.Debug|Any CPU.ActiveCfg = Debug|Any CPU
		{5AE140E5-8A10-468A-9682-D7D70DF75FBE}.Debug|Any CPU.Build.0 = Debug|Any CPU
		{5AE140E5-8A10-468A-9682-D7D70DF75FBE}.Debug|Any CPU.Deploy.0 = Debug|Any CPU
		{5AE140E5-8A10-468A-9682-D7D70DF75FBE}.Release|Any CPU.ActiveCfg = Release|Any CPU
		{5AE140E5-8A10-468A-9682-D7D70DF75FBE}.Release|Any CPU.Build.0 = Release|Any CPU
		{5AE140E5-8A10-468A-9682-D7D70DF75FBE}.Release|Any CPU.Deploy.0 = Release|Any CPU
	EndGlobalSection
	GlobalSection(SolutionProperties) = preSolution
		HideSolutionNode = FALSE
	EndGlobalSection
	GlobalSection(ExtensibilityGlobals) = postSolution
		SolutionGuid = {91E40DD1-8319-4B57-9D2E-0822FDA2535B}
	EndGlobalSection
EndGlobal
